
Microsoft Visual Studio Solution File, Format Version 12.00
# Visual Studio Version 16
VisualStudioVersion = 16.0.31624.102
MinimumVisualStudioVersion = 10.0.40219.1
Project("{9A19103F-16F7-4668-BE54-9A1E7A4F7556}") = "MusicDotNet", "MusicDotNet.csproj", "{C8C7D08D-4B65-4B64-A411-ABC1AE5AC9FE}"
EndProject
Project("{FAE04EC0-301F-11D3-BF4B-00C04F79EFBC}") = "MusicDotNetTests", "..\MusicDotNetTests\MusicDotNetTests.csproj", "{63483219-0022-46EB-A350-1117A0675CDB}"
EndProject
Global
	GlobalSection(SolutionConfigurationPlatforms) = preSolution
		Debug|Any CPU = Debug|Any CPU
		Release|Any CPU = Release|Any CPU
	EndGlobalSection
	GlobalSection(ProjectConfigurationPlatforms) = postSolution
		{C8C7D08D-4B65-4B64-A411-ABC1AE5AC9FE}.Debug|Any CPU.ActiveCfg = Debug|Any CPU
		{C8C7D08D-4B65-4B64-A411-ABC1AE5AC9FE}.Debug|Any CPU.Build.0 = Debug|Any CPU
		{C8C7D08D-4B65-4B64-A411-ABC1AE5AC9FE}.Release|Any CPU.ActiveCfg = Release|Any CPU
		{C8C7D08D-4B65-4B64-A411-ABC1AE5AC9FE}.Release|Any CPU.Build.0 = Release|Any CPU
		{63483219-0022-46EB-A350-1117A0675CDB}.Debug|Any CPU.ActiveCfg = Debug|Any CPU
		{63483219-0022-46EB-A350-1117A0675CDB}.Debug|Any CPU.Build.0 = Debug|Any CPU
		{63483219-0022-46EB-A350-1117A0675CDB}.Release|Any CPU.ActiveCfg = Release|Any CPU
		{63483219-0022-46EB-A350-1117A0675CDB}.Release|Any CPU.Build.0 = Release|Any CPU
	EndGlobalSection
	GlobalSection(SolutionProperties) = preSolution
		HideSolutionNode = FALSE
	EndGlobalSection
	GlobalSection(ExtensibilityGlobals) = postSolution
		SolutionGuid = {A5C0878E-B856-4767-B4CE-5442FC9540C6}
	EndGlobalSection
EndGlobal
